
Microsoft Visual Studio Solution File, Format Version 12.00
# Visual Studio 15
VisualStudioVersion = 15.0.27703.2035
MinimumVisualStudioVersion = 10.0.40219.1
Project("{FAE04EC0-301F-11D3-BF4B-00C04F79EFBC}") = "StringtableEditor", "StringtableEditor.csproj", "{3E3F8B73-F6FE-48AF-8A3A-3E04D4E03D4E}"
EndProject
Global
	GlobalSection(SolutionConfigurationPlatforms) = preSolution
		Debug|Any CPU = Debug|Any CPU
		Release|Any CPU = Release|Any CPU
	EndGlobalSection
	GlobalSection(ProjectConfigurationPlatforms) = postSolution
		{3E3F8B73-F6FE-48AF-8A3A-3E04D4E03D4E}.Debug|Any CPU.ActiveCfg = Debug|Any CPU
		{3E3F8B73-F6FE-48AF-8A3A-3E04D4E03D4E}.Debug|Any CPU.Build.0 = Debug|Any CPU
		{3E3F8B73-F6FE-48AF-8A3A-3E04D4E03D4E}.Release|Any CPU.ActiveCfg = Release|Any CPU
		{3E3F8B73-F6FE-48AF-8A3A-3E04D4E03D4E}.Release|Any CPU.Build.0 = Release|Any CPU
	EndGlobalSection
	GlobalSection(SolutionProperties) = preSolution
		HideSolutionNode = FALSE
	EndGlobalSection
	GlobalSection(ExtensibilityGlobals) = postSolution
		SolutionGuid = {3290CE63-5F4C-4C22-A6CF-AF1BD97B1EEA}
	EndGlobalSection
EndGlobal
